
Microsoft Visual Studio Solution File, Format Version 12.00
# Visual Studio Version 16
VisualStudioVersion = 16.0.34407.143
MinimumVisualStudioVersion = 10.0.40219.1
Project("{F184B08F-C81C-45F6-A57F-5ABD9991F28F}") = "CalculoIVA_DLL", "CalculoIVA_DLL\CalculoIVA_DLL.vbproj", "{E05C54B9-DAE2-4113-8AC7-D5E62220DBAB}"
EndProject
Project("{F184B08F-C81C-45F6-A57F-5ABD9991F28F}") = "IVAWindowsCliente", "IVAWindowsCliente\IVAWindowsCliente.vbproj", "{E815331B-7143-452D-8180-1B9BBE7E18DF}"
EndProject
Global
	GlobalSection(SolutionConfigurationPlatforms) = preSolution
		Debug|Any CPU = Debug|Any CPU
		Release|Any CPU = Release|Any CPU
	EndGlobalSection
	GlobalSection(ProjectConfigurationPlatforms) = postSolution
		{E05C54B9-DAE2-4113-8AC7-D5E62220DBAB}.Debug|Any CPU.ActiveCfg = Debug|Any CPU
		{E05C54B9-DAE2-4113-8AC7-D5E62220DBAB}.Debug|Any CPU.Build.0 = Debug|Any CPU
		{E05C54B9-DAE2-4113-8AC7-D5E62220DBAB}.Release|Any CPU.ActiveCfg = Release|Any CPU
		{E05C54B9-DAE2-4113-8AC7-D5E62220DBAB}.Release|Any CPU.Build.0 = Release|Any CPU
		{E815331B-7143-452D-8180-1B9BBE7E18DF}.Debug|Any CPU.ActiveCfg = Debug|Any CPU
		{E815331B-7143-452D-8180-1B9BBE7E18DF}.Debug|Any CPU.Build.0 = Debug|Any CPU
		{E815331B-7143-452D-8180-1B9BBE7E18DF}.Release|Any CPU.ActiveCfg = Release|Any CPU
		{E815331B-7143-452D-8180-1B9BBE7E18DF}.Release|Any CPU.Build.0 = Release|Any CPU
	EndGlobalSection
	GlobalSection(SolutionProperties) = preSolution
		HideSolutionNode = FALSE
	EndGlobalSection
	GlobalSection(ExtensibilityGlobals) = postSolution
		SolutionGuid = {9DA4178C-338D-41A3-970B-BAB138E79399}
	EndGlobalSection
EndGlobal
